
Microsoft Visual Studio Solution File, Format Version 12.00
# Visual Studio 15
Project("{FAE04EC0-301F-11D3-BF4B-00C04F79EFBC}") = "Assembly-CSharp", "Assembly-CSharp.csproj", "{204C6EC1-54CA-0C2A-1C5E-83FAA6FA83DB}"
EndProject
Global
	GlobalSection(SolutionConfigurationPlatforms) = preSolution
		Debug|Any CPU = Debug|Any CPU
		Release|Any CPU = Release|Any CPU
	EndGlobalSection
	GlobalSection(ProjectConfigurationPlatforms) = postSolution
		{204C6EC1-54CA-0C2A-1C5E-83FAA6FA83DB}.Debug|Any CPU.ActiveCfg = Debug|Any CPU
		{204C6EC1-54CA-0C2A-1C5E-83FAA6FA83DB}.Debug|Any CPU.Build.0 = Debug|Any CPU
		{204C6EC1-54CA-0C2A-1C5E-83FAA6FA83DB}.Release|Any CPU.ActiveCfg = Release|Any CPU
		{204C6EC1-54CA-0C2A-1C5E-83FAA6FA83DB}.Release|Any CPU.Build.0 = Release|Any CPU
	EndGlobalSection
	GlobalSection(SolutionProperties) = preSolution
		HideSolutionNode = FALSE
	EndGlobalSection
EndGlobal
